Microsoft Visual Studio Solution File, Format Version 12.00
# Visual Studio Version 17
VisualStudioVersion = 17.13.35825.156
MinimumVisualStudioVersion = 10.0.40219.1
Project("{FAE04EC0-301F-11D3-BF4B-00C04F79EFBC}") = "TestGunaUI", "TestGunaUI\TestGunaUI.csproj", "{66445B5C-6321-4092-A2F0-9C142E263A50}"
EndProject
Global
	GlobalSection(SolutionConfigurationPlatforms) = preSolution
		Debug|Any CPU = Debug|Any CPU
		Release|Any CPU = Release|Any CPU
	EndGlobalSection
	GlobalSection(ProjectConfigurationPlatforms) = postSolution
		{66445B5C-6321-4092-A2F0-9C142E263A50}.Debug|Any CPU.ActiveCfg = Debug|Any CPU
		{66445B5C-6321-4092-A2F0-9C142E263A50}.Debug|Any CPU.Build.0 = Debug|Any CPU
		{66445B5C-6321-4092-A2F0-9C142E263A50}.Release|Any CPU.ActiveCfg = Release|Any CPU
		{66445B5C-6321-4092-A2F0-9C142E263A50}.Release|Any CPU.Build.0 = Release|Any CPU
	EndGlobalSection
	GlobalSection(SolutionProperties) = preSolution
		HideSolutionNode = FALSE
	EndGlobalSection
	GlobalSection(ExtensibilityGlobals) = postSolution
		SolutionGuid = {0667D65D-92B0-4670-8513-9355CC30620C}
	EndGlobalSection
EndGlobal
